// !$*UTF8*$!
{
	archiveVersion = 1;
	classes = {
	};
	objectVersion = 46;
	objects = {

/* Begin PBXBuildFile section */
		DF2661E2199A014A00F73010 /* JDSideMenu.m in Sources */ = {isa = PBXBuildFile; fileRef = DF2661E1199A014A00F73010 /* JDSideMenu.m */; };
		DF2661E5199A01EC00F73010 /* JDMenuViewController.m in Sources */ = {isa = PBXBuildFile; fileRef = DF2661E4199A01EC00F73010 /* JDMenuViewController.m */; };
		DF2661E9199A02A900F73010 /* menuwallpaper@2x.png in Resources */ = {isa = PBXBuildFile; fileRef = DF2661E8199A02A900F73010 /* menuwallpaper@2x.png */; };
		DF2661EC199A02EE00F73010 /* UIViewController+JDSideMenu.m in Sources */ = {isa = PBXBuildFile; fileRef = DF2661EB199A02EE00F73010 /* UIViewController+JDSideMenu.m */; };
		DF73C84D1993C763009725B2 /* IstorieViewController.m in Sources */ = {isa = PBXBuildFile; fileRef = DF73C84C1993C763009725B2 /* IstorieViewController.m */; };
		DF73C8501993D953009725B2 /* Lectii.m in Sources */ = {isa = PBXBuildFile; fileRef = DF73C84F1993D953009725B2 /* Lectii.m */; };
		DF73C8541994C18A009725B2 /* Termodinamica.jpg in Resources */ = {isa = PBXBuildFile; fileRef = DF73C8531994C18A009725B2 /* Termodinamica.jpg */; };
		DF73C8561994C5B4009725B2 /* Mecanica.jpg in Resources */ = {isa = PBXBuildFile; fileRef = DF73C8551994C5B4009725B2 /* Mecanica.jpg */; };
		DF73C8581994C8FE009725B2 /* Optica.jpg in Resources */ = {isa = PBXBuildFile; fileRef = DF73C8571994C8FE009725B2 /* Optica.jpg */; };
		DF73C85A1994CA29009725B2 /* Electricitate.jpg in Resources */ = {isa = PBXBuildFile; fileRef = DF73C8591994CA29009725B2 /* Electricitate.jpg */; };
		DF73C85D1994CF5A009725B2 /* ChapterViewController.m in Sources */ = {isa = PBXBuildFile; fileRef = DF73C85C1994CF5A009725B2 /* ChapterViewController.m */; };
		DF73C860199614A0009725B2 /* LessonViewController.m in Sources */ = {isa = PBXBuildFile; fileRef = DF73C85F199614A0009725B2 /* LessonViewController.m */; };
		DFDAE29119936F0300BFFA86 /* Foundation.framework in Frameworks */ = {isa = PBXBuildFile; fileRef = DFDAE29019936F0300BFFA86 /* Foundation.framework */; };
		DFDAE29319936F0300BFFA86 /* CoreGraphics.framework in Frameworks */ = {isa = PBXBuildFile; fileRef = DFDAE29219936F0300BFFA86 /* CoreGraphics.framework */; };
		DFDAE29519936F0300BFFA86 /* UIKit.framework in Frameworks */ = {isa = PBXBuildFile; fileRef = DFDAE29419936F0300BFFA86 /* UIKit.framework */; };
		DFDAE29B19936F0300BFFA86 /* InfoPlist.strings in Resources */ = {isa = PBXBuildFile; fileRef = DFDAE29919936F0300BFFA86 /* InfoPlist.strings */; };
		DFDAE29D19936F0300BFFA86 /* main.m in Sources */ = {isa = PBXBuildFile; fileRef = DFDAE29C19936F0300BFFA86 /* main.m */; };
		DFDAE2A119936F0300BFFA86 /* AppDelegate.m in Sources */ = {isa = PBXBuildFile; fileRef = DFDAE2A019936F0300BFFA86 /* AppDelegate.m */; };
		DFDAE2A419936F0300BFFA86 /* Main.storyboard in Resources */ = {isa = PBXBuildFile; fileRef = DFDAE2A219936F0300BFFA86 /* Main.storyboard */; };
		DFDAE2A919936F0300BFFA86 /* Images.xcassets in Resources */ = {isa = PBXBuildFile; fileRef = DFDAE2A819936F0300BFFA86 /* Images.xcassets */; };
		DFDAE2B019936F0300BFFA86 /* XCTest.framework in Frameworks */ = {isa = PBXBuildFile; fileRef = DFDAE2AF19936F0300BFFA86 /* XCTest.framework */; };
		DFDAE2B119936F0300BFFA86 /* Foundation.framework in Frameworks */ = {isa = PBXBuildFile; fileRef = DFDAE29019936F0300BFFA86 /* Foundation.framework */; };
		DFDAE2B219936F0300BFFA86 /* UIKit.framework in Frameworks */ = {isa = PBXBuildFile; fileRef = DFDAE29419936F0300BFFA86 /* UIKit.framework */; };
		DFDAE2BA19936F0300BFFA86 /* InfoPlist.strings in Resources */ = {isa = PBXBuildFile; fileRef = DFDAE2B819936F0300BFFA86 /* InfoPlist.strings */; };
		DFDAE2BC19936F0300BFFA86 /* AplicatieTests.m in Sources */ = {isa = PBXBuildFile; fileRef = DFDAE2BB19936F0300BFFA86 /* AplicatieTests.m */; };
		DFDAE2C7199372BF00BFFA86 /* MainMenuViewController.m in Sources */ = {isa = PBXBuildFile; fileRef = DFDAE2C6199372BF00BFFA86 /* MainMenuViewController.m */; };
		DFDAE2D41993804B00BFFA86 /* Istorie.jpg in Resources */ = {isa = PBXBuildFile; fileRef = DFDAE2D21993804B00BFFA86 /* Istorie.jpg */; };
		DFDAE2D51993804B00BFFA86 /* Fizica.jpg in Resources */ = {isa = PBXBuildFile; fileRef = DFDAE2D31993804B00BFFA86 /* Fizica.jpg */; };
		DFDAE2D81993871700BFFA86 /* FizicaViewController.m in Sources */ = {isa = PBXBuildFile; fileRef = DFDAE2D71993871700BFFA86 /* FizicaViewController.m */; };
/* End PBXBuildFile section */

/* Begin PBXContainerItemProxy section */
		DFDAE2B319936F0300BFFA86 /* PBXContainerItemProxy */ = {
			isa = PBXContainerItemProxy;
			containerPortal = DFDAE28519936F0300BFFA86 /* Project object */;
			proxyType = 1;
			remoteGlobalIDString = DFDAE28C19936F0300BFFA86;
			remoteInfo = Aplicatie;
		};
/* End PBXContainerItemProxy section */

/* Begin PBXFileReference section */
		DF2661E0199A014A00F73010 /* JDSideMenu.h */ = {isa = PBXFileReference; fileEncoding = 4; lastKnownFileType = sourcecode.c.h; path = JDSideMenu.h; sourceTree = "<group>"; };
		DF2661E1199A014A00F73010 /* JDSideMenu.m */ = {isa = PBXFileReference; fileEncoding = 4; lastKnownFileType = sourcecode.c.objc; path = JDSideMenu.m; sourceTree = "<group>"; };
		DF2661E3199A01EC00F73010 /* JDMenuViewController.h */ = {isa = PBXFileReference; fileEncoding = 4; lastKnownFileType = sourcecode.c.h; path = JDMenuViewController.h; sourceTree = "<group>"; };
		DF2661E4199A01EC00F73010 /* JDMenuViewController.m */ = {isa = PBXFileReference; fileEncoding = 4; lastKnownFileType = sourcecode.c.objc; path = JDMenuViewController.m; sourceTree = "<group>"; };
		DF2661E8199A02A900F73010 /* menuwallpaper@2x.png */ = {isa = PBXFileReference; lastKnownFileType = image.png; name = "menuwallpaper@2x.png"; path = "../menuwallpaper@2x.png"; sourceTree = "<group>"; };
		DF2661EA199A02EE00F73010 /* UIViewController+JDSideMenu.h */ = {isa = PBXFileReference; fileEncoding = 4; lastKnownFileType = sourcecode.c.h; path = "UIViewController+JDSideMenu.h"; sourceTree = "<group>"; };
		DF2661EB199A02EE00F73010 /* UIViewController+JDSideMenu.m */ = {isa = PBXFileReference; fileEncoding = 4; lastKnownFileType = sourcecode.c.objc; path = "UIViewController+JDSideMenu.m"; sourceTree = "<group>"; };
		DF73C84B1993C763009725B2 /* IstorieViewController.h */ = {isa = PBXFileReference; fileEncoding = 4; lastKnownFileType = sourcecode.c.h; path = IstorieViewController.h; sourceTree = "<group>"; };
		DF73C84C1993C763009725B2 /* IstorieViewController.m */ = {isa = PBXFileReference; fileEncoding = 4; lastKnownFileType = sourcecode.c.objc; path = IstorieViewController.m; sourceTree = "<group>"; };
		DF73C84E1993D953009725B2 /* Lectii.h */ = {isa = PBXFileReference; fileEncoding = 4; lastKnownFileType = sourcecode.c.h; path = Lectii.h; sourceTree = "<group>"; };
		DF73C84F1993D953009725B2 /* Lectii.m */ = {isa = PBXFileReference; fileEncoding = 4; lastKnownFileType = sourcecode.c.objc; path = Lectii.m; sourceTree = "<group>"; };
		DF73C8531994C18A009725B2 /* Termodinamica.jpg */ = {isa = PBXFileReference; lastKnownFileType = image.jpeg; path = Termodinamica.jpg; sourceTree = "<group>"; };
		DF73C8551994C5B4009725B2 /* Mecanica.jpg */ = {isa = PBXFileReference; lastKnownFileType = image.jpeg; path = Mecanica.jpg; sourceTree = "<group>"; };
		DF73C8571994C8FE009725B2 /* Optica.jpg */ = {isa = PBXFileReference; lastKnownFileType = image.jpeg; path = Optica.jpg; sourceTree = "<group>"; };
		DF73C8591994CA29009725B2 /* Electricitate.jpg */ = {isa = PBXFileReference; lastKnownFileType = image.jpeg; path = Electricitate.jpg; sourceTree = "<group>"; };
		DF73C85B1994CF5A009725B2 /* ChapterViewController.h */ = {isa = PBXFileReference; fileEncoding = 4; lastKnownFileType = sourcecode.c.h; path = ChapterViewController.h; sourceTree = "<group>"; };
		DF73C85C1994CF5A009725B2 /* ChapterViewController.m */ = {isa = PBXFileReference; fileEncoding = 4; lastKnownFileType = sourcecode.c.objc; path = ChapterViewController.m; sourceTree = "<group>"; };
		DF73C85E199614A0009725B2 /* LessonViewController.h */ = {isa = PBXFileReference; fileEncoding = 4; lastKnownFileType = sourcecode.c.h; name = LessonViewController.h; path = ../LessonViewController.h; sourceTree = "<group>"; };
		DF73C85F199614A0009725B2 /* LessonViewController.m */ = {isa = PBXFileReference; fileEncoding = 4; lastKnownFileType = sourcecode.c.objc; name = LessonViewController.m; path = ../LessonViewController.m; sourceTree = "<group>"; };
		DFDAE28D19936F0300BFFA86 /* iSubjects.app */ = {isa = PBXFileReference; explicitFileType = wrapper.application; includeInIndex = 0; path = iSubjects.app; sourceTree = BUILT_PRODUCTS_DIR; };
		DFDAE29019936F0300BFFA86 /* Foundation.framework */ = {isa = PBXFileReference; lastKnownFileType = wrapper.framework; name = Foundation.framework; path = System/Library/Frameworks/Foundation.framework; sourceTree = SDKROOT; };
		DFDAE29219936F0300BFFA86 /* CoreGraphics.framework */ = {isa = PBXFileReference; lastKnownFileType = wrapper.framework; name = CoreGraphics.framework; path = System/Library/Frameworks/CoreGraphics.framework; sourceTree = SDKROOT; };
		DFDAE29419936F0300BFFA86 /* UIKit.framework */ = {isa = PBXFileReference; lastKnownFileType = wrapper.framework; name = UIKit.framework; path = System/Library/Frameworks/UIKit.framework; sourceTree = SDKROOT; };
		DFDAE29819936F0300BFFA86 /* iSubjects-Info.plist */ = {isa = PBXFileReference; lastKnownFileType = text.plist.xml; path = "iSubjects-Info.plist"; sourceTree = "<group>"; };
		DFDAE29A19936F0300BFFA86 /* en */ = {isa = PBXFileReference; lastKnownFileType = text.plist.strings; name = en; path = en.lproj/InfoPlist.strings; sourceTree = "<group>"; };
		DFDAE29C19936F0300BFFA86 /* main.m */ = {isa = PBXFileReference; lastKnownFileType = sourcecode.c.objc; path = main.m; sourceTree = "<group>"; };
		DFDAE29E19936F0300BFFA86 /* iSubjects-Prefix.pch */ = {isa = PBXFileReference; lastKnownFileType = sourcecode.c.h; path = "iSubjects-Prefix.pch"; sourceTree = "<group>"; };
		DFDAE29F19936F0300BFFA86 /* AppDelegate.h */ = {isa = PBXFileReference; lastKnownFileType = sourcecode.c.h; path = AppDelegate.h; sourceTree = "<group>"; };
		DFDAE2A019936F0300BFFA86 /* AppDelegate.m */ = {isa = PBXFileReference; lastKnownFileType = sourcecode.c.objc; path = AppDelegate.m; sourceTree = "<group>"; };
		DFDAE2A319936F0300BFFA86 /* Base */ = {isa = PBXFileReference; lastKnownFileType = file.storyboard; name = Base; path = Base.lproj/Main.storyboard; sourceTree = "<group>"; };
		DFDAE2A819936F0300BFFA86 /* Images.xcassets */ = {isa = PBXFileReference; lastKnownFileType = folder.assetcatalog; path = Images.xcassets; sourceTree = "<group>"; };
		DFDAE2AE19936F0300BFFA86 /* iSubjectsTests.xctest */ = {isa = PBXFileReference; explicitFileType = wrapper.cfbundle; includeInIndex = 0; path = iSubjectsTests.xctest; sourceTree = BUILT_PRODUCTS_DIR; };
		DFDAE2AF19936F0300BFFA86 /* XCTest.framework */ = {isa = PBXFileReference; lastKnownFileType = wrapper.framework; name = XCTest.framework; path = Library/Frameworks/XCTest.framework; sourceTree = DEVELOPER_DIR; };
		DFDAE2B719936F0300BFFA86 /* iSubjectsTests-Info.plist */ = {isa = PBXFileReference; lastKnownFileType = text.plist.xml; path = "iSubjectsTests-Info.plist"; sourceTree = "<group>"; };
		DFDAE2B919936F0300BFFA86 /* en */ = {isa = PBXFileReference; lastKnownFileType = text.plist.strings; name = en; path = en.lproj/InfoPlist.strings; sourceTree = "<group>"; };
		DFDAE2BB19936F0300BFFA86 /* AplicatieTests.m */ = {isa = PBXFileReference; lastKnownFileType = sourcecode.c.objc; path = AplicatieTests.m; sourceTree = "<group>"; };
		DFDAE2C5199372BF00BFFA86 /* MainMenuViewController.h */ = {isa = PBXFileReference; fileEncoding = 4; lastKnownFileType = sourcecode.c.h; path = MainMenuViewController.h; sourceTree = "<group>"; };
		DFDAE2C6199372BF00BFFA86 /* MainMenuViewController.m */ = {isa = PBXFileReference; fileEncoding = 4; lastKnownFileType = sourcecode.c.objc; path = MainMenuViewController.m; sourceTree = "<group>"; };
		DFDAE2D21993804B00BFFA86 /* Istorie.jpg */ = {isa = PBXFileReference; lastKnownFileType = image.jpeg; path = Istorie.jpg; sourceTree = "<group>"; };
		DFDAE2D31993804B00BFFA86 /* Fizica.jpg */ = {isa = PBXFileReference; lastKnownFileType = image.jpeg; path = Fizica.jpg; sourceTree = "<group>"; };
		DFDAE2D61993871700BFFA86 /* FizicaViewController.h */ = {isa = PBXFileReference; fileEncoding = 4; lastKnownFileType = sourcecode.c.h; path = FizicaViewController.h; sourceTree = "<group>"; };
		DFDAE2D71993871700BFFA86 /* FizicaViewController.m */ = {isa = PBXFileReference; fileEncoding = 4; lastKnownFileType = sourcecode.c.objc; path = FizicaViewController.m; sourceTree = "<group>"; };
/* End PBXFileReference section */

/* Begin PBXFrameworksBuildPhase section */
		DFDAE28A19936F0300BFFA86 /* Frameworks */ = {
			isa = PBXFrameworksBuildPhase;
			buildActionMask = 2147483647;
			files = (
				DFDAE29319936F0300BFFA86 /* CoreGraphics.framework in Frameworks */,
				DFDAE29519936F0300BFFA86 /* UIKit.framework in Frameworks */,
				DFDAE29119936F0300BFFA86 /* Foundation.framework in Frameworks */,
			);
			runOnlyForDeploymentPostprocessing = 0;
		};
		DFDAE2AB19936F0300BFFA86 /* Frameworks */ = {
			isa = PBXFrameworksBuildPhase;
			buildActionMask = 2147483647;
			files = (
				DFDAE2B019936F0300BFFA86 /* XCTest.framework in Frameworks */,
				DFDAE2B219936F0300BFFA86 /* UIKit.framework in Frameworks */,
				DFDAE2B119936F0300BFFA86 /* Foundation.framework in Frameworks */,
			);
			runOnlyForDeploymentPostprocessing = 0;
		};
/* End PBXFrameworksBuildPhase section */

/* Begin PBXGroup section */
		DF072C1519991340006ABE1B /* Images */ = {
			isa = PBXGroup;
			children = (
				DF2661E8199A02A900F73010 /* menuwallpaper@2x.png */,
				DFDAE2D21993804B00BFFA86 /* Istorie.jpg */,
				DFDAE2D31993804B00BFFA86 /* Fizica.jpg */,
				DF73C8531994C18A009725B2 /* Termodinamica.jpg */,
				DF73C8551994C5B4009725B2 /* Mecanica.jpg */,
				DF73C8571994C8FE009725B2 /* Optica.jpg */,
				DF73C8591994CA29009725B2 /* Electricitate.jpg */,
			);
			name = Images;
			sourceTree = "<group>";
		};
		DFDAE28419936F0300BFFA86 = {
			isa = PBXGroup;
			children = (
				DFDAE29619936F0300BFFA86 /* Aplicatie */,
				DFDAE2B519936F0300BFFA86 /* AplicatieTests */,
				DFDAE28F19936F0300BFFA86 /* Frameworks */,
				DFDAE28E19936F0300BFFA86 /* Products */,
			);
			sourceTree = "<group>";
		};
		DFDAE28E19936F0300BFFA86 /* Products */ = {
			isa = PBXGroup;
			children = (
				DFDAE28D19936F0300BFFA86 /* iSubjects.app */,
				DFDAE2AE19936F0300BFFA86 /* iSubjectsTests.xctest */,
			);
			name = Products;
			sourceTree = "<group>";
		};
		DFDAE28F19936F0300BFFA86 /* Frameworks */ = {
			isa = PBXGroup;
			children = (
				DFDAE29019936F0300BFFA86 /* Foundation.framework */,
				DFDAE29219936F0300BFFA86 /* CoreGraphics.framework */,
				DFDAE29419936F0300BFFA86 /* UIKit.framework */,
				DFDAE2AF19936F0300BFFA86 /* XCTest.framework */,
			);
			name = Frameworks;
			sourceTree = "<group>";
		};
		DFDAE29619936F0300BFFA86 /* Aplicatie */ = {
			isa = PBXGroup;
			children = (
				DFDAE29F19936F0300BFFA86 /* AppDelegate.h */,
				DFDAE2A019936F0300BFFA86 /* AppDelegate.m */,
				DFDAE2A219936F0300BFFA86 /* Main.storyboard */,
				DF2661E0199A014A00F73010 /* JDSideMenu.h */,
				DF2661E1199A014A00F73010 /* JDSideMenu.m */,
				DF2661E3199A01EC00F73010 /* JDMenuViewController.h */,
				DF2661E4199A01EC00F73010 /* JDMenuViewController.m */,
				DF2661EA199A02EE00F73010 /* UIViewController+JDSideMenu.h */,
				DF2661EB199A02EE00F73010 /* UIViewController+JDSideMenu.m */,
				DFDAE2C5199372BF00BFFA86 /* MainMenuViewController.h */,
				DFDAE2C6199372BF00BFFA86 /* MainMenuViewController.m */,
				DFDAE2D61993871700BFFA86 /* FizicaViewController.h */,
				DFDAE2D71993871700BFFA86 /* FizicaViewController.m */,
				DF73C84B1993C763009725B2 /* IstorieViewController.h */,
				DF73C84C1993C763009725B2 /* IstorieViewController.m */,
				DF73C85B1994CF5A009725B2 /* ChapterViewController.h */,
				DF73C85C1994CF5A009725B2 /* ChapterViewController.m */,
				DF73C85E199614A0009725B2 /* LessonViewController.h */,
				DF73C85F199614A0009725B2 /* LessonViewController.m */,
				DF73C84E1993D953009725B2 /* Lectii.h */,
				DF73C84F1993D953009725B2 /* Lectii.m */,
				DF072C1519991340006ABE1B /* Images */,
				DFDAE2A819936F0300BFFA86 /* Images.xcassets */,
				DFDAE29719936F0300BFFA86 /* Supporting Files */,
			);
			path = Aplicatie;
			sourceTree = "<group>";
		};
		DFDAE29719936F0300BFFA86 /* Supporting Files */ = {
			isa = PBXGroup;
			children = (
				DFDAE29819936F0300BFFA86 /* iSubjects-Info.plist */,
				DFDAE29919936F0300BFFA86 /* InfoPlist.strings */,
				DFDAE29C19936F0300BFFA86 /* main.m */,
				DFDAE29E19936F0300BFFA86 /* iSubjects-Prefix.pch */,
			);
			name = "Supporting Files";
			sourceTree = "<group>";
		};
		DFDAE2B519936F0300BFFA86 /* AplicatieTests */ = {
			isa = PBXGroup;
			children = (
				DFDAE2BB19936F0300BFFA86 /* AplicatieTests.m */,
				DFDAE2B619936F0300BFFA86 /* Supporting Files */,
			);
			path = AplicatieTests;
			sourceTree = "<group>";
		};
		DFDAE2B619936F0300BFFA86 /* Supporting Files */ = {
			isa = PBXGroup;
			children = (
				DFDAE2B719936F0300BFFA86 /* iSubjectsTests-Info.plist */,
				DFDAE2B819936F0300BFFA86 /* InfoPlist.strings */,
			);
			name = "Supporting Files";
			sourceTree = "<group>";
		};
/* End PBXGroup section */

/* Begin PBXNativeTarget section */
		DFDAE28C19936F0300BFFA86 /* iSubjects */ = {
			isa = PBXNativeTarget;
			buildConfigurationList = DFDAE2BF19936F0300BFFA86 /* Build configuration list for PBXNativeTarget "iSubjects" */;
			buildPhases = (
				DFDAE28919936F0300BFFA86 /* Sources */,
				DFDAE28A19936F0300BFFA86 /* Frameworks */,
				DFDAE28B19936F0300BFFA86 /* Resources */,
			);
			buildRules = (
			);
			dependencies = (
			);
			name = iSubjects;
			productName = Aplicatie;
			productReference = DFDAE28D19936F0300BFFA86 /* iSubjects.app */;
			productType = "com.apple.product-type.application";
		};
		DFDAE2AD19936F0300BFFA86 /* iSubjectsTests */ = {
			isa = PBXNativeTarget;
			buildConfigurationList = DFDAE2C219936F0300BFFA86 /* Build configuration list for PBXNativeTarget "iSubjectsTests" */;
			buildPhases = (
				DFDAE2AA19936F0300BFFA86 /* Sources */,
				DFDAE2AB19936F0300BFFA86 /* Frameworks */,
				DFDAE2AC19936F0300BFFA86 /* Resources */,
			);
			buildRules = (
			);
			dependencies = (
				DFDAE2B419936F0300BFFA86 /* PBXTargetDependency */,
			);
			name = iSubjectsTests;
			productName = AplicatieTests;
			productReference = DFDAE2AE19936F0300BFFA86 /* iSubjectsTests.xctest */;
			productType = "com.apple.product-type.bundle.unit-test";
		};
/* End PBXNativeTarget section */

/* Begin PBXProject section */
		DFDAE28519936F0300BFFA86 /* Project object */ = {
			isa = PBXProject;
			attributes = {
				LastUpgradeCheck = 0510;
				ORGANIZATIONNAME = "___FULLUSERNAME___";
				TargetAttributes = {
					DFDAE28C19936F0300BFFA86 = {
						DevelopmentTeam = XTTALVMGC6;
					};
					DFDAE2AD19936F0300BFFA86 = {
						TestTargetID = DFDAE28C19936F0300BFFA86;
					};
				};
			};
			buildConfigurationList = DFDAE28819936F0300BFFA86 /* Build configuration list for PBXProject "iSubjects" */;
			compatibilityVersion = "Xcode 3.2";
			developmentRegion = English;
			hasScannedForEncodings = 0;
			knownRegions = (
				en,
				Base,
			);
			mainGroup = DFDAE28419936F0300BFFA86;
			productRefGroup = DFDAE28E19936F0300BFFA86 /* Products */;
			projectDirPath = "";
			projectRoot = "";
			targets = (
				DFDAE28C19936F0300BFFA86 /* iSubjects */,
				DFDAE2AD19936F0300BFFA86 /* iSubjectsTests */,
			);
		};
/* End PBXProject section */

/* Begin PBXResourcesBuildPhase section */
		DFDAE28B19936F0300BFFA86 /* Resources */ = {
			isa = PBXResourcesBuildPhase;
			buildActionMask = 2147483647;
			files = (
				DFDAE2D51993804B00BFFA86 /* Fizica.jpg in Resources */,
				DF73C8581994C8FE009725B2 /* Optica.jpg in Resources */,
				DF73C8541994C18A009725B2 /* Termodinamica.jpg in Resources */,
				DFDAE2A919936F0300BFFA86 /* Images.xcassets in Resources */,
				DF73C8561994C5B4009725B2 /* Mecanica.jpg in Resources */,
				DFDAE2D41993804B00BFFA86 /* Istorie.jpg in Resources */,
				DF2661E9199A02A900F73010 /* menuwallpaper@2x.png in Resources */,
				DF73C85A1994CA29009725B2 /* Electricitate.jpg in Resources */,
				DFDAE29B19936F0300BFFA86 /* InfoPlist.strings in Resources */,
				DFDAE2A419936F0300BFFA86 /* Main.storyboard in Resources */,
			);
			runOnlyForDeploymentPostprocessing = 0;
		};
		DFDAE2AC19936F0300BFFA86 /* Resources */ = {
			isa = PBXResourcesBuildPhase;
			buildActionMask = 2147483647;
			files = (
				DFDAE2BA19936F0300BFFA86 /* InfoPlist.strings in Resources */,
			);
			runOnlyForDeploymentPostprocessing = 0;
		};
/* End PBXResourcesBuildPhase section */

/* Begin PBXSourcesBuildPhase section */
		DFDAE28919936F0300BFFA86 /* Sources */ = {
			isa = PBXSourcesBuildPhase;
			buildActionMask = 2147483647;
			files = (
				DF73C85D1994CF5A009725B2 /* ChapterViewController.m in Sources */,
				DFDAE2D81993871700BFFA86 /* FizicaViewController.m in Sources */,
				DFDAE2C7199372BF00BFFA86 /* MainMenuViewController.m in Sources */,
				DF73C8501993D953009725B2 /* Lectii.m in Sources */,
				DF2661E2199A014A00F73010 /* JDSideMenu.m in Sources */,
				DF2661EC199A02EE00F73010 /* UIViewController+JDSideMenu.m in Sources */,
				DF73C860199614A0009725B2 /* LessonViewController.m in Sources */,
				DF73C84D1993C763009725B2 /* IstorieViewController.m in Sources */,
				DFDAE2A119936F0300BFFA86 /* AppDelegate.m in Sources */,
				DFDAE29D19936F0300BFFA86 /* main.m in Sources */,
				DF2661E5199A01EC00F73010 /* JDMenuViewController.m in Sources */,
			);
			runOnlyForDeploymentPostprocessing = 0;
		};
		DFDAE2AA19936F0300BFFA86 /* Sources */ = {
			isa = PBXSourcesBuildPhase;
			buildActionMask = 2147483647;
			files = (
				DFDAE2BC19936F0300BFFA86 /* AplicatieTests.m in Sources */,
			);
			runOnlyForDeploymentPostprocessing = 0;
		};
/* End PBXSourcesBuildPhase section */

/* Begin PBXTargetDependency section */
		DFDAE2B419936F0300BFFA86 /* PBXTargetDependency */ = {
			isa = PBXTargetDependency;
			target = DFDAE28C19936F0300BFFA86 /* iSubjects */;
			targetProxy = DFDAE2B319936F0300BFFA86 /* PBXContainerItemProxy */;
		};
/* End PBXTargetDependency section */

/* Begin PBXVariantGroup section */
		DFDAE29919936F0300BFFA86 /* InfoPlist.strings */ = {
			isa = PBXVariantGroup;
			children = (
				DFDAE29A19936F0300BFFA86 /* en */,
			);
			name = InfoPlist.strings;
			sourceTree = "<group>";
		};
		DFDAE2A219936F0300BFFA86 /* Main.storyboard */ = {
			isa = PBXVariantGroup;
			children = (
				DFDAE2A319936F0300BFFA86 /* Base */,
			);
			name = Main.storyboard;
			sourceTree = "<group>";
		};
		DFDAE2B819936F0300BFFA86 /* InfoPlist.strings */ = {
			isa = PBXVariantGroup;
			children = (
				DFDAE2B919936F0300BFFA86 /* en */,
			);
			name = InfoPlist.strings;
			sourceTree = "<group>";
		};
/* End PBXVariantGroup section */

/* Begin XCBuildConfiguration section */
		DFDAE2BD19936F0300BFFA86 /* Debug */ = {
			isa = XCBuildConfiguration;
			buildSettings = {
				ALWAYS_SEARCH_USER_PATHS = NO;
				CLANG_CXX_LANGUAGE_STANDARD = "gnu++0x";
				CLANG_CXX_LIBRARY = "libc++";
				CLANG_ENABLE_MODULES = YES;
				CLANG_ENABLE_OBJC_ARC = YES;
				CLANG_WARN_BOOL_CONVERSION = YES;
				CLANG_WARN_CONSTANT_CONVERSION = YES;
				CLANG_WARN_DIRECT_OBJC_ISA_USAGE = YES_ERROR;
				CLANG_WARN_EMPTY_BODY = YES;
				CLANG_WARN_ENUM_CONVERSION = YES;
				CLANG_WARN_INT_CONVERSION = YES;
				CLANG_WARN_OBJC_ROOT_CLASS = YES_ERROR;
				CLANG_WARN__DUPLICATE_METHOD_MATCH = YES;
				"CODE_SIGN_IDENTITY[sdk=iphoneos*]" = "iPhone Developer";
				COPY_PHASE_STRIP = NO;
				GCC_C_LANGUAGE_STANDARD = gnu99;
				GCC_DYNAMIC_NO_PIC = NO;
				GCC_OPTIMIZATION_LEVEL = 0;
				GCC_PREPROCESSOR_DEFINITIONS = (
					"DEBUG=1",
					"$(inherited)",
				);
				GCC_SYMBOLS_PRIVATE_EXTERN = NO;
				GCC_WARN_64_TO_32_BIT_CONVERSION = YES;
				GCC_WARN_ABOUT_RETURN_TYPE = YES_ERROR;
				GCC_WARN_UNDECLARED_SELECTOR = YES;
				GCC_WARN_UNINITIALIZED_AUTOS = YES_AGGRESSIVE;
				GCC_WARN_UNUSED_FUNCTION = YES;
				GCC_WARN_UNUSED_VARIABLE = YES;
				IPHONEOS_DEPLOYMENT_TARGET = 7.1;
				ONLY_ACTIVE_ARCH = YES;
				SDKROOT = iphoneos;
			};
			name = Debug;
		};
		DFDAE2BE19936F0300BFFA86 /* Release */ = {
			isa = XCBuildConfiguration;
			buildSettings = {
				ALWAYS_SEARCH_USER_PATHS = NO;
				CLANG_CXX_LANGUAGE_STANDARD = "gnu++0x";
				CLANG_CXX_LIBRARY = "libc++";
				CLANG_ENABLE_MODULES = YES;
				CLANG_ENABLE_OBJC_ARC = YES;
				CLANG_WARN_BOOL_CONVERSION = YES;
				CLANG_WARN_CONSTANT_CONVERSION = YES;
				CLANG_WARN_DIRECT_OBJC_ISA_USAGE = YES_ERROR;
				CLANG_WARN_EMPTY_BODY = YES;
				CLANG_WARN_ENUM_CONVERSION = YES;
				CLANG_WARN_INT_CONVERSION = YES;
				CLANG_WARN_OBJC_ROOT_CLASS = YES_ERROR;
				CLANG_WARN__DUPLICATE_METHOD_MATCH = YES;
				"CODE_SIGN_IDENTITY[sdk=iphoneos*]" = "iPhone Developer";
				COPY_PHASE_STRIP = YES;
				ENABLE_NS_ASSERTIONS = NO;
				GCC_C_LANGUAGE_STANDARD = gnu99;
				GCC_WARN_64_TO_32_BIT_CONVERSION = YES;
				GCC_WARN_ABOUT_RETURN_TYPE = YES_ERROR;
				GCC_WARN_UNDECLARED_SELECTOR = YES;
				GCC_WARN_UNINITIALIZED_AUTOS = YES_AGGRESSIVE;
				GCC_WARN_UNUSED_FUNCTION = YES;
				GCC_WARN_UNUSED_VARIABLE = YES;
				IPHONEOS_DEPLOYMENT_TARGET = 7.1;
				SDKROOT = iphoneos;
				VALIDATE_PRODUCT = YES;
			};
			name = Release;
		};
		DFDAE2C019936F0300BFFA86 /* Debug */ = {
			isa = XCBuildConfiguration;
			buildSettings = {
				ASSETCATALOG_COMPILER_APPICON_NAME = AppIcon;
				ASSETCATALOG_COMPILER_LAUNCHIMAGE_NAME = LaunchImage;
				CODE_SIGN_IDENTITY = "iPhone Developer";
				"CODE_SIGN_IDENTITY[sdk=iphoneos*]" = "iPhone Developer";
				GCC_PRECOMPILE_PREFIX_HEADER = YES;
				GCC_PREFIX_HEADER = "Aplicatie/iSubjects-Prefix.pch";
				INFOPLIST_FILE = "Aplicatie/iSubjects-Info.plist";
				PRODUCT_NAME = iSubjects;
				PROVISIONING_PROFILE = "";
				WRAPPER_EXTENSION = app;
			};
			name = Debug;
		};
		DFDAE2C119936F0300BFFA86 /* Release */ = {
			isa = XCBuildConfiguration;
			buildSettings = {
				ASSETCATALOG_COMPILER_APPICON_NAME = AppIcon;
				ASSETCATALOG_COMPILER_LAUNCHIMAGE_NAME = LaunchImage;
				CODE_SIGN_IDENTITY = "iPhone Developer";
				"CODE_SIGN_IDENTITY[sdk=iphoneos*]" = "iPhone Developer";
				GCC_PRECOMPILE_PREFIX_HEADER = YES;
				GCC_PREFIX_HEADER = "Aplicatie/iSubjects-Prefix.pch";
				INFOPLIST_FILE = "Aplicatie/iSubjects-Info.plist";
				PRODUCT_NAME = iSubjects;
				PROVISIONING_PROFILE = "";
				WRAPPER_EXTENSION = app;
			};
			name = Release;
		};
		DFDAE2C319936F0300BFFA86 /* Debug */ = {
			isa = XCBuildConfiguration;
			buildSettings = {
				BUNDLE_LOADER = "$(BUILT_PRODUCTS_DIR)/Aplicatie.app/Aplicatie";
				FRAMEWORK_SEARCH_PATHS = (
					"$(SDKROOT)/Developer/Library/Frameworks",
					"$(inherited)",
					"$(DEVELOPER_FRAMEWORKS_DIR)",
				);
				GCC_PRECOMPILE_PREFIX_HEADER = YES;
				GCC_PREFIX_HEADER = "Aplicatie/Aplicatie-Prefix.pch";
				GCC_PREPROCESSOR_DEFINITIONS = (
					"DEBUG=1",
					"$(inherited)",
				);
				INFOPLIST_FILE = "AplicatieTests/iSubjectsTests-Info.plist";
				PRODUCT_NAME = iSubjectsTests;
				TEST_HOST = "$(BUNDLE_LOADER)";
				WRAPPER_EXTENSION = xctest;
			};
			name = Debug;
		};
		DFDAE2C419936F0300BFFA86 /* Release */ = {
			isa = XCBuildConfiguration;
			buildSettings = {
				BUNDLE_LOADER = "$(BUILT_PRODUCTS_DIR)/Aplicatie.app/Aplicatie";
				FRAMEWORK_SEARCH_PATHS = (
					"$(SDKROOT)/Developer/Library/Frameworks",
					"$(inherited)",
					"$(DEVELOPER_FRAMEWORKS_DIR)",
				);
				GCC_PRECOMPILE_PREFIX_HEADER = YES;
				GCC_PREFIX_HEADER = "Aplicatie/Aplicatie-Prefix.pch";
				INFOPLIST_FILE = "AplicatieTests/iSubjectsTests-Info.plist";
				PRODUCT_NAME = iSubjectsTests;
				TEST_HOST = "$(BUNDLE_LOADER)";
				WRAPPER_EXTENSION = xctest;
			};
			name = Release;
		};
/* End XCBuildConfiguration section */

/* Begin XCConfigurationList section */
		DFDAE28819936F0300BFFA86 /* Build configuration list for PBXProject "iSubjects" */ = {
			isa = XCConfigurationList;
			buildConfigurations = (
				DFDAE2BD19936F0300BFFA86 /* Debug */,
				DFDAE2BE19936F0300BFFA86 /* Release */,
			);
			defaultConfigurationIsVisible = 0;
			defaultConfigurationName = Release;
		};
		DFDAE2BF19936F0300BFFA86 /* Build configuration list for PBXNativeTarget "iSubjects" */ = {
			isa = XCConfigurationList;
			buildConfigurations = (
				DFDAE2C019936F0300BFFA86 /* Debug */,
				DFDAE2C119936F0300BFFA86 /* Release */,
			);
			defaultConfigurationIsVisible = 0;
			defaultConfigurationName = Release;
		};
		DFDAE2C219936F0300BFFA86 /* Build configuration list for PBXNativeTarget "iSubjectsTests" */ = {
			isa = XCConfigurationList;
			buildConfigurations = (
				DFDAE2C319936F0300BFFA86 /* Debug */,
				DFDAE2C419936F0300BFFA86 /* Release */,
			);
			defaultConfigurationIsVisible = 0;
			defaultConfigurationName = Release;
		};
/* End XCConfigurationList section */
	};
	rootObject = DFDAE28519936F0300BFFA86 /* Project object */;
}
